// !$*UTF8*$!
{
	archiveVersion = 1;
	classes = {
	};
	objectVersion = 48;
	objects = {

/* Begin PBXBuildFile section */
		77FF26FA0D6A981378CDB4D5 /* Pods_FlickrPhoto.framework in Frameworks */ = {isa = PBXBuildFile; fileRef = F026E08CEBE93874611E57F0 /* Pods_FlickrPhoto.framework */; };
		F12D0D49201E95F400D7A4CF /* FavoriteService.swift in Sources */ = {isa = PBXBuildFile; fileRef = F12D0D48201E95F400D7A4CF /* FavoriteService.swift */; };
		F13BA4312019AC09001CAFAC /* HomeViewModel.swift in Sources */ = {isa = PBXBuildFile; fileRef = F13BA4302019AC09001CAFAC /* HomeViewModel.swift */; };
		F13BA4332019AD4C001CAFAC /* PhotoData.swift in Sources */ = {isa = PBXBuildFile; fileRef = F13BA4322019AD4C001CAFAC /* PhotoData.swift */; };
		F13BA4352019B0A1001CAFAC /* HttpsService.swift in Sources */ = {isa = PBXBuildFile; fileRef = F13BA4342019B0A1001CAFAC /* HttpsService.swift */; };
		F17AE109201A756C006529EF /* PhotoListData.swift in Sources */ = {isa = PBXBuildFile; fileRef = F17AE108201A756C006529EF /* PhotoListData.swift */; };
		F17AE10C201A85D0006529EF /* CollectionViewCell.swift in Sources */ = {isa = PBXBuildFile; fileRef = F17AE10A201A85D0006529EF /* CollectionViewCell.swift */; };
		F17AE10D201A85D0006529EF /* CollectionViewCell.xib in Resources */ = {isa = PBXBuildFile; fileRef = F17AE10B201A85D0006529EF /* CollectionViewCell.xib */; };
		F17AE10F201A8652006529EF /* Dynamic.swift in Sources */ = {isa = PBXBuildFile; fileRef = F17AE10E201A8652006529EF /* Dynamic.swift */; };
		F17AE114201A8D05006529EF /* UIImageView-Extension.swift in Sources */ = {isa = PBXBuildFile; fileRef = F17AE113201A8D05006529EF /* UIImageView-Extension.swift */; };
		F17AE116201A8DFC006529EF /* UICollectionView-Extension.swift in Sources */ = {isa = PBXBuildFile; fileRef = F17AE115201A8DFC006529EF /* UICollectionView-Extension.swift */; };
		F17AE118201A9BA6006529EF /* UIColor-Extension.swift in Sources */ = {isa = PBXBuildFile; fileRef = F17AE117201A9BA6006529EF /* UIColor-Extension.swift */; };
		F19B8C9320194AEB001C6949 /* AppDelegate.swift in Sources */ = {isa = PBXBuildFile; fileRef = F19B8C9220194AEB001C6949 /* AppDelegate.swift */; };
		F19B8C9520194AEB001C6949 /* HomeViewController.swift in Sources */ = {isa = PBXBuildFile; fileRef = F19B8C9420194AEB001C6949 /* HomeViewController.swift */; };
		F19B8C9A20194AEB001C6949 /* Assets.xcassets in Resources */ = {isa = PBXBuildFile; fileRef = F19B8C9920194AEB001C6949 /* Assets.xcassets */; };
		F19B8C9D20194AEB001C6949 /* LaunchScreen.storyboard in Resources */ = {isa = PBXBuildFile; fileRef = F19B8C9B20194AEB001C6949 /* LaunchScreen.storyboard */; };
		F19B8CA6201953A2001C6949 /* Constants.swift in Sources */ = {isa = PBXBuildFile; fileRef = F19B8CA5201953A2001C6949 /* Constants.swift */; };
		F1BEAA47201BB02300EEF2DF /* FullImageViewController.swift in Sources */ = {isa = PBXBuildFile; fileRef = F1BEAA46201BB02300EEF2DF /* FullImageViewController.swift */; };
/* End PBXBuildFile section */

/* Begin PBXFileReference section */
		0516743B30D1A66BE8926227 /* Pods-FlickrPhoto.debug.xcconfig */ = {isa = PBXFileReference; includeInIndex = 1; lastKnownFileType = text.xcconfig; name = "Pods-FlickrPhoto.debug.xcconfig"; path = "Pods/Target Support Files/Pods-FlickrPhoto/Pods-FlickrPhoto.debug.xcconfig"; sourceTree = "<group>"; };
		838D3C0352136D938B5A55E4 /* Pods-FlickrPhoto.release.xcconfig */ = {isa = PBXFileReference; includeInIndex = 1; lastKnownFileType = text.xcconfig; name = "Pods-FlickrPhoto.release.xcconfig"; path = "Pods/Target Support Files/Pods-FlickrPhoto/Pods-FlickrPhoto.release.xcconfig"; sourceTree = "<group>"; };
		F026E08CEBE93874611E57F0 /* Pods_FlickrPhoto.framework */ = {isa = PBXFileReference; explicitFileType = wrapper.framework; includeInIndex = 0; path = Pods_FlickrPhoto.framework; sourceTree = BUILT_PRODUCTS_DIR; };
		F12D0D48201E95F400D7A4CF /* FavoriteService.swift */ = {isa = PBXFileReference; lastKnownFileType = sourcecode.swift; path = FavoriteService.swift; sourceTree = "<group>"; };
		F13BA4302019AC09001CAFAC /* HomeViewModel.swift */ = {isa = PBXFileReference; lastKnownFileType = sourcecode.swift; path = HomeViewModel.swift; sourceTree = "<group>"; };
		F13BA4322019AD4C001CAFAC /* PhotoData.swift */ = {isa = PBXFileReference; lastKnownFileType = sourcecode.swift; path = PhotoData.swift; sourceTree = "<group>"; };
		F13BA4342019B0A1001CAFAC /* HttpsService.swift */ = {isa = PBXFileReference; lastKnownFileType = sourcecode.swift; path = HttpsService.swift; sourceTree = "<group>"; };
		F17AE108201A756C006529EF /* PhotoListData.swift */ = {isa = PBXFileReference; lastKnownFileType = sourcecode.swift; path = PhotoListData.swift; sourceTree = "<group>"; };
		F17AE10A201A85D0006529EF /* CollectionViewCell.swift */ = {isa = PBXFileReference; lastKnownFileType = sourcecode.swift; path = CollectionViewCell.swift; sourceTree = "<group>"; };
		F17AE10B201A85D0006529EF /* CollectionViewCell.xib */ = {isa = PBXFileReference; lastKnownFileType = file.xib; path = CollectionViewCell.xib; sourceTree = "<group>"; };
		F17AE10E201A8652006529EF /* Dynamic.swift */ = {isa = PBXFileReference; lastKnownFileType = sourcecode.swift; path = Dynamic.swift; sourceTree = "<group>"; };
		F17AE113201A8D05006529EF /* UIImageView-Extension.swift */ = {isa = PBXFileReference; lastKnownFileType = sourcecode.swift; path = "UIImageView-Extension.swift"; sourceTree = "<group>"; };
		F17AE115201A8DFC006529EF /* UICollectionView-Extension.swift */ = {isa = PBXFileReference; lastKnownFileType = sourcecode.swift; path = "UICollectionView-Extension.swift"; sourceTree = "<group>"; };
		F17AE117201A9BA6006529EF /* UIColor-Extension.swift */ = {isa = PBXFileReference; lastKnownFileType = sourcecode.swift; path = "UIColor-Extension.swift"; sourceTree = "<group>"; };
		F19B8C8F20194AEB001C6949 /* FlickrPhoto.app */ = {isa = PBXFileReference; explicitFileType = wrapper.application; includeInIndex = 0; path = FlickrPhoto.app; sourceTree = BUILT_PRODUCTS_DIR; };
		F19B8C9220194AEB001C6949 /* AppDelegate.swift */ = {isa = PBXFileReference; lastKnownFileType = sourcecode.swift; path = AppDelegate.swift; sourceTree = "<group>"; };
		F19B8C9420194AEB001C6949 /* HomeViewController.swift */ = {isa = PBXFileReference; lastKnownFileType = sourcecode.swift; path = HomeViewController.swift; sourceTree = "<group>"; };
		F19B8C9920194AEB001C6949 /* Assets.xcassets */ = {isa = PBXFileReference; lastKnownFileType = folder.assetcatalog; path = Assets.xcassets; sourceTree = "<group>"; };
		F19B8C9C20194AEB001C6949 /* Base */ = {isa = PBXFileReference; lastKnownFileType = file.storyboard; name = Base; path = Base.lproj/LaunchScreen.storyboard; sourceTree = "<group>"; };
		F19B8C9E20194AEB001C6949 /* Info.plist */ = {isa = PBXFileReference; lastKnownFileType = text.plist.xml; path = Info.plist; sourceTree = "<group>"; };
		F19B8CA5201953A2001C6949 /* Constants.swift */ = {isa = PBXFileReference; lastKnownFileType = sourcecode.swift; path = Constants.swift; sourceTree = "<group>"; };
		F1BEAA46201BB02300EEF2DF /* FullImageViewController.swift */ = {isa = PBXFileReference; lastKnownFileType = sourcecode.swift; path = FullImageViewController.swift; sourceTree = "<group>"; };
/* End PBXFileReference section */

/* Begin PBXFrameworksBuildPhase section */
		F19B8C8C20194AEB001C6949 /* Frameworks */ = {
			isa = PBXFrameworksBuildPhase;
			buildActionMask = 2147483647;
			files = (
				77FF26FA0D6A981378CDB4D5 /* Pods_FlickrPhoto.framework in Frameworks */,
			);
			runOnlyForDeploymentPostprocessing = 0;
		};
/* End PBXFrameworksBuildPhase section */

/* Begin PBXGroup section */
		581EAF3CD5005F655707A061 /* Frameworks */ = {
			isa = PBXGroup;
			children = (
				F026E08CEBE93874611E57F0 /* Pods_FlickrPhoto.framework */,
			);
			name = Frameworks;
			sourceTree = "<group>";
		};
		F13BA42F2019AB6D001CAFAC /* Services */ = {
			isa = PBXGroup;
			children = (
				F13BA4342019B0A1001CAFAC /* HttpsService.swift */,
				F12D0D48201E95F400D7A4CF /* FavoriteService.swift */,
			);
			path = Services;
			sourceTree = "<group>";
		};
		F17AE112201A8CE1006529EF /* Extensions */ = {
			isa = PBXGroup;
			children = (
				F17AE113201A8D05006529EF /* UIImageView-Extension.swift */,
				F17AE115201A8DFC006529EF /* UICollectionView-Extension.swift */,
				F17AE117201A9BA6006529EF /* UIColor-Extension.swift */,
			);
			path = Extensions;
			sourceTree = "<group>";
		};
		F19B8C8620194AEB001C6949 = {
			isa = PBXGroup;
			children = (
				F19B8C9120194AEB001C6949 /* FlickrPhoto */,
				F19B8C9020194AEB001C6949 /* Products */,
				F3FADF101FBBD5C21168AB31 /* Pods */,
				581EAF3CD5005F655707A061 /* Frameworks */,
			);
			sourceTree = "<group>";
		};
		F19B8C9020194AEB001C6949 /* Products */ = {
			isa = PBXGroup;
			children = (
				F19B8C8F20194AEB001C6949 /* FlickrPhoto.app */,
			);
			name = Products;
			sourceTree = "<group>";
		};
		F19B8C9120194AEB001C6949 /* FlickrPhoto */ = {
			isa = PBXGroup;
			children = (
				F19B8C9B20194AEB001C6949 /* LaunchScreen.storyboard */,
				F19B8C9920194AEB001C6949 /* Assets.xcassets */,
				F19B8C9220194AEB001C6949 /* AppDelegate.swift */,
				F19B8C9E20194AEB001C6949 /* Info.plist */,
				F19B8CA5201953A2001C6949 /* Constants.swift */,
				F19B8CA92019579E001C6949 /* Model */,
				F19B8CA82019578F001C6949 /* ViewModel */,
				F19B8CA72019545B001C6949 /* View */,
				F17AE112201A8CE1006529EF /* Extensions */,
				F13BA42F2019AB6D001CAFAC /* Services */,
			);
			path = FlickrPhoto;
			sourceTree = "<group>";
		};
		F19B8CA72019545B001C6949 /* View */ = {
			isa = PBXGroup;
			children = (
				F19B8C9420194AEB001C6949 /* HomeViewController.swift */,
				F17AE10A201A85D0006529EF /* CollectionViewCell.swift */,
				F17AE10B201A85D0006529EF /* CollectionViewCell.xib */,
				F1BEAA46201BB02300EEF2DF /* FullImageViewController.swift */,
			);
			path = View;
			sourceTree = "<group>";
		};
		F19B8CA82019578F001C6949 /* ViewModel */ = {
			isa = PBXGroup;
			children = (
				F13BA4302019AC09001CAFAC /* HomeViewModel.swift */,
			);
			path = ViewModel;
			sourceTree = "<group>";
		};
		F19B8CA92019579E001C6949 /* Model */ = {
			isa = PBXGroup;
			children = (
				F13BA4322019AD4C001CAFAC /* PhotoData.swift */,
				F17AE108201A756C006529EF /* PhotoListData.swift */,
				F17AE10E201A8652006529EF /* Dynamic.swift */,
			);
			path = Model;
			sourceTree = "<group>";
		};
		F3FADF101FBBD5C21168AB31 /* Pods */ = {
			isa = PBXGroup;
			children = (
				0516743B30D1A66BE8926227 /* Pods-FlickrPhoto.debug.xcconfig */,
				838D3C0352136D938B5A55E4 /* Pods-FlickrPhoto.release.xcconfig */,
			);
			name = Pods;
			sourceTree = "<group>";
		};
/* End PBXGroup section */

/* Begin PBXNativeTarget section */
		F19B8C8E20194AEB001C6949 /* FlickrPhoto */ = {
			isa = PBXNativeTarget;
			buildConfigurationList = F19B8CA120194AEB001C6949 /* Build configuration list for PBXNativeTarget "FlickrPhoto" */;
			buildPhases = (
				0DC6063EB663FC3AE27E1FD1 /* [CP] Check Pods Manifest.lock */,
				F19B8C8B20194AEB001C6949 /* Sources */,
				F19B8C8C20194AEB001C6949 /* Frameworks */,
				F19B8C8D20194AEB001C6949 /* Resources */,
				7BD0033593CEE33157E1CB86 /* [CP] Embed Pods Frameworks */,
				3E7D2D21B19AABD5A8B32B63 /* [CP] Copy Pods Resources */,
			);
			buildRules = (
			);
			dependencies = (
			);
			name = FlickrPhoto;
			productName = FlickrPhoto;
			productReference = F19B8C8F20194AEB001C6949 /* FlickrPhoto.app */;
			productType = "com.apple.product-type.application";
		};
/* End PBXNativeTarget section */

/* Begin PBXProject section */
		F19B8C8720194AEB001C6949 /* Project object */ = {
			isa = PBXProject;
			attributes = {
				LastSwiftUpdateCheck = 0920;
				LastUpgradeCheck = 0920;
				ORGANIZATIONNAME = "Li Zhao";
				TargetAttributes = {
					F19B8C8E20194AEB001C6949 = {
						CreatedOnToolsVersion = 9.2;
						ProvisioningStyle = Automatic;
					};
				};
			};
			buildConfigurationList = F19B8C8A20194AEB001C6949 /* Build configuration list for PBXProject "FlickrPhoto" */;
			compatibilityVersion = "Xcode 8.0";
			developmentRegion = en;
			hasScannedForEncodings = 0;
			knownRegions = (
				en,
				Base,
			);
			mainGroup = F19B8C8620194AEB001C6949;
			productRefGroup = F19B8C9020194AEB001C6949 /* Products */;
			projectDirPath = "";
			projectRoot = "";
			targets = (
				F19B8C8E20194AEB001C6949 /* FlickrPhoto */,
			);
		};
/* End PBXProject section */

/* Begin PBXResourcesBuildPhase section */
		F19B8C8D20194AEB001C6949 /* Resources */ = {
			isa = PBXResourcesBuildPhase;
			buildActionMask = 2147483647;
			files = (
				F19B8C9D20194AEB001C6949 /* LaunchScreen.storyboard in Resources */,
				F19B8C9A20194AEB001C6949 /* Assets.xcassets in Resources */,
				F17AE10D201A85D0006529EF /* CollectionViewCell.xib in Resources */,
			);
			runOnlyForDeploymentPostprocessing = 0;
		};
/* End PBXResourcesBuildPhase section */

/* Begin PBXShellScriptBuildPhase section */
		0DC6063EB663FC3AE27E1FD1 /* [CP] Check Pods Manifest.lock */ = {
			isa = PBXShellScriptBuildPhase;
			buildActionMask = 2147483647;
			files = (
			);
			inputPaths = (
			);
			name = "[CP] Check Pods Manifest.lock";
			outputPaths = (
			);
			runOnlyForDeploymentPostprocessing = 0;
			shellPath = /bin/sh;
			shellScript = "diff \"${PODS_PODFILE_DIR_PATH}/Podfile.lock\" \"${PODS_ROOT}/Manifest.lock\" > /dev/null\nif [ $? != 0 ] ; then\n    # print error to STDERR\n    echo \"error: The sandbox is not in sync with the Podfile.lock. Run 'pod install' or update your CocoaPods installation.\" >&2\n    exit 1\nfi\n";
			showEnvVarsInLog = 0;
		};
		3E7D2D21B19AABD5A8B32B63 /* [CP] Copy Pods Resources */ = {
			isa = PBXShellScriptBuildPhase;
			buildActionMask = 2147483647;
			files = (
			);
			inputPaths = (
			);
			name = "[CP] Copy Pods Resources";
			outputPaths = (
			);
			runOnlyForDeploymentPostprocessing = 0;
			shellPath = /bin/sh;
			shellScript = "\"${SRCROOT}/Pods/Target Support Files/Pods-FlickrPhoto/Pods-FlickrPhoto-resources.sh\"\n";
			showEnvVarsInLog = 0;
		};
		7BD0033593CEE33157E1CB86 /* [CP] Embed Pods Frameworks */ = {
			isa = PBXShellScriptBuildPhase;
			buildActionMask = 2147483647;
			files = (
			);
			inputPaths = (
			);
			name = "[CP] Embed Pods Frameworks";
			outputPaths = (
			);
			runOnlyForDeploymentPostprocessing = 0;
			shellPath = /bin/sh;
			shellScript = "\"${SRCROOT}/Pods/Target Support Files/Pods-FlickrPhoto/Pods-FlickrPhoto-frameworks.sh\"\n";
			showEnvVarsInLog = 0;
		};
/* End PBXShellScriptBuildPhase section */

/* Begin PBXSourcesBuildPhase section */
		F19B8C8B20194AEB001C6949 /* Sources */ = {
			isa = PBXSourcesBuildPhase;
			buildActionMask = 2147483647;
			files = (
				F19B8C9520194AEB001C6949 /* HomeViewController.swift in Sources */,
				F17AE118201A9BA6006529EF /* UIColor-Extension.swift in Sources */,
				F13BA4332019AD4C001CAFAC /* PhotoData.swift in Sources */,
				F12D0D49201E95F400D7A4CF /* FavoriteService.swift in Sources */,
				F17AE10C201A85D0006529EF /* CollectionViewCell.swift in Sources */,
				F17AE10F201A8652006529EF /* Dynamic.swift in Sources */,
				F19B8C9320194AEB001C6949 /* AppDelegate.swift in Sources */,
				F13BA4352019B0A1001CAFAC /* HttpsService.swift in Sources */,
				F17AE116201A8DFC006529EF /* UICollectionView-Extension.swift in Sources */,
				F1BEAA47201BB02300EEF2DF /* FullImageViewController.swift in Sources */,
				F17AE109201A756C006529EF /* PhotoListData.swift in Sources */,
				F19B8CA6201953A2001C6949 /* Constants.swift in Sources */,
				F17AE114201A8D05006529EF /* UIImageView-Extension.swift in Sources */,
				F13BA4312019AC09001CAFAC /* HomeViewModel.swift in Sources */,
			);
			runOnlyForDeploymentPostprocessing = 0;
		};
/* End PBXSourcesBuildPhase section */

/* Begin PBXVariantGroup section */
		F19B8C9B20194AEB001C6949 /* LaunchScreen.storyboard */ = {
			isa = PBXVariantGroup;
			children = (
				F19B8C9C20194AEB001C6949 /* Base */,
			);
			name = LaunchScreen.storyboard;
			sourceTree = "<group>";
		};
/* End PBXVariantGroup section */

/* Begin XCBuildConfiguration section */
		F19B8C9F20194AEB001C6949 /* Debug */ = {
			isa = XCBuildConfiguration;
			buildSettings = {
				ALWAYS_SEARCH_USER_PATHS = NO;
				CLANG_ANALYZER_NONNULL = YES;
				CLANG_ANALYZER_NUMBER_OBJECT_CONVERSION = YES_AGGRESSIVE;
				CLANG_CXX_LANGUAGE_STANDARD = "gnu++14";
				CLANG_CXX_LIBRARY = "libc++";
				CLANG_ENABLE_MODULES = YES;
				CLANG_ENABLE_OBJC_ARC = YES;
				CLANG_WARN_BLOCK_CAPTURE_AUTORELEASING = YES;
				CLANG_WARN_BOOL_CONVERSION = YES;
				CLANG_WARN_COMMA = YES;
				CLANG_WARN_CONSTANT_CONVERSION = YES;
				CLANG_WARN_DIRECT_OBJC_ISA_USAGE = YES_ERROR;
				CLANG_WARN_DOCUMENTATION_COMMENTS = YES;
				CLANG_WARN_EMPTY_BODY = YES;
				CLANG_WARN_ENUM_CONVERSION = YES;
				CLANG_WARN_INFINITE_RECURSION = YES;
				CLANG_WARN_INT_CONVERSION = YES;
				CLANG_WARN_NON_LITERAL_NULL_CONVERSION = YES;
				CLANG_WARN_OBJC_LITERAL_CONVERSION = YES;
				CLANG_WARN_OBJC_ROOT_CLASS = YES_ERROR;
				CLANG_WARN_RANGE_LOOP_ANALYSIS = YES;
				CLANG_WARN_STRICT_PROTOTYPES = YES;
				CLANG_WARN_SUSPICIOUS_MOVE = YES;
				CLANG_WARN_UNGUARDED_AVAILABILITY = YES_AGGRESSIVE;
				CLANG_WARN_UNREACHABLE_CODE = YES;
				CLANG_WARN__DUPLICATE_METHOD_MATCH = YES;
				CODE_SIGN_IDENTITY = "iPhone Developer";
				COPY_PHASE_STRIP = NO;
				DEBUG_INFORMATION_FORMAT = dwarf;
				ENABLE_STRICT_OBJC_MSGSEND = YES;
				ENABLE_TESTABILITY = YES;
				GCC_C_LANGUAGE_STANDARD = gnu11;
				GCC_DYNAMIC_NO_PIC = NO;
				GCC_NO_COMMON_BLOCKS = YES;
				GCC_OPTIMIZATION_LEVEL = 0;
				GCC_PREPROCESSOR_DEFINITIONS = (
					"DEBUG=1",
					"$(inherited)",
				);
				GCC_WARN_64_TO_32_BIT_CONVERSION = YES;
				GCC_WARN_ABOUT_RETURN_TYPE = YES_ERROR;
				GCC_WARN_UNDECLARED_SELECTOR = YES;
				GCC_WARN_UNINITIALIZED_AUTOS = YES_AGGRESSIVE;
				GCC_WARN_UNUSED_FUNCTION = YES;
				GCC_WARN_UNUSED_VARIABLE = YES;
				IPHONEOS_DEPLOYMENT_TARGET = 11.2;
				MTL_ENABLE_DEBUG_INFO = YES;
				ONLY_ACTIVE_ARCH = YES;
				SDKROOT = iphoneos;
				SWIFT_ACTIVE_COMPILATION_CONDITIONS = DEBUG;
				SWIFT_OPTIMIZATION_LEVEL = "-Onone";
			};
			name = Debug;
		};
		F19B8CA020194AEB001C6949 /* Release */ = {
			isa = XCBuildConfiguration;
			buildSettings = {
				ALWAYS_SEARCH_USER_PATHS = NO;
				CLANG_ANALYZER_NONNULL = YES;
				CLANG_ANALYZER_NUMBER_OBJECT_CONVERSION = YES_AGGRESSIVE;
				CLANG_CXX_LANGUAGE_STANDARD = "gnu++14";
				CLANG_CXX_LIBRARY = "libc++";
				CLANG_ENABLE_MODULES = YES;
				CLANG_ENABLE_OBJC_ARC = YES;
				CLANG_WARN_BLOCK_CAPTURE_AUTORELEASING = YES;
				CLANG_WARN_BOOL_CONVERSION = YES;
				CLANG_WARN_COMMA = YES;
				CLANG_WARN_CONSTANT_CONVERSION = YES;
				CLANG_WARN_DIRECT_OBJC_ISA_USAGE = YES_ERROR;
				CLANG_WARN_DOCUMENTATION_COMMENTS = YES;
				CLANG_WARN_EMPTY_BODY = YES;
				CLANG_WARN_ENUM_CONVERSION = YES;
				CLANG_WARN_INFINITE_RECURSION = YES;
				CLANG_WARN_INT_CONVERSION = YES;
				CLANG_WARN_NON_LITERAL_NULL_CONVERSION = YES;
				CLANG_WARN_OBJC_LITERAL_CONVERSION = YES;
				CLANG_WARN_OBJC_ROOT_CLASS = YES_ERROR;
				CLANG_WARN_RANGE_LOOP_ANALYSIS = YES;
				CLANG_WARN_STRICT_PROTOTYPES = YES;
				CLANG_WARN_SUSPICIOUS_MOVE = YES;
				CLANG_WARN_UNGUARDED_AVAILABILITY = YES_AGGRESSIVE;
				CLANG_WARN_UNREACHABLE_CODE = YES;
				CLANG_WARN__DUPLICATE_METHOD_MATCH = YES;
				CODE_SIGN_IDENTITY = "iPhone Developer";
				COPY_PHASE_STRIP = NO;
				DEBUG_INFORMATION_FORMAT = "dwarf-with-dsym";
				ENABLE_NS_ASSERTIONS = NO;
				ENABLE_STRICT_OBJC_MSGSEND = YES;
				GCC_C_LANGUAGE_STANDARD = gnu11;
				GCC_NO_COMMON_BLOCKS = YES;
				GCC_WARN_64_TO_32_BIT_CONVERSION = YES;
				GCC_WARN_ABOUT_RETURN_TYPE = YES_ERROR;
				GCC_WARN_UNDECLARED_SELECTOR = YES;
				GCC_WARN_UNINITIALIZED_AUTOS = YES_AGGRESSIVE;
				GCC_WARN_UNUSED_FUNCTION = YES;
				GCC_WARN_UNUSED_VARIABLE = YES;
				IPHONEOS_DEPLOYMENT_TARGET = 11.2;
				MTL_ENABLE_DEBUG_INFO = NO;
				SDKROOT = iphoneos;
				SWIFT_OPTIMIZATION_LEVEL = "-Owholemodule";
				VALIDATE_PRODUCT = YES;
			};
			name = Release;
		};
		F19B8CA220194AEB001C6949 /* Debug */ = {
			isa = XCBuildConfiguration;
			baseConfigurationReference = 0516743B30D1A66BE8926227 /* Pods-FlickrPhoto.debug.xcconfig */;
			buildSettings = {
				ASSETCATALOG_COMPILER_APPICON_NAME = AppIcon;
				CODE_SIGN_STYLE = Automatic;
				DEVELOPMENT_TEAM = 7LNXDM5FRE;
				INFOPLIST_FILE = FlickrPhoto/Info.plist;
				IPHONEOS_DEPLOYMENT_TARGET = 9.1;
				LD_RUNPATH_SEARCH_PATHS = "$(inherited) @executable_path/Frameworks";
				PRODUCT_BUNDLE_IDENTIFIER = com.zhaoli.FlickrPhoto;
				PRODUCT_NAME = "$(TARGET_NAME)";
				SWIFT_VERSION = 4.0;
				TARGETED_DEVICE_FAMILY = "1,2";
			};
			name = Debug;
		};
		F19B8CA320194AEB001C6949 /* Release */ = {
			isa = XCBuildConfiguration;
			baseConfigurationReference = 838D3C0352136D938B5A55E4 /* Pods-FlickrPhoto.release.xcconfig */;
			buildSettings = {
				ASSETCATALOG_COMPILER_APPICON_NAME = AppIcon;
				CODE_SIGN_STYLE = Automatic;
				DEVELOPMENT_TEAM = 7LNXDM5FRE;
				INFOPLIST_FILE = FlickrPhoto/Info.plist;
				IPHONEOS_DEPLOYMENT_TARGET = 9.1;
				LD_RUNPATH_SEARCH_PATHS = "$(inherited) @executable_path/Frameworks";
				PRODUCT_BUNDLE_IDENTIFIER = com.zhaoli.FlickrPhoto;
				PRODUCT_NAME = "$(TARGET_NAME)";
				SWIFT_VERSION = 4.0;
				TARGETED_DEVICE_FAMILY = "1,2";
			};
			name = Release;
		};
/* End XCBuildConfiguration section */

/* Begin XCConfigurationList section */
		F19B8C8A20194AEB001C6949 /* Build configuration list for PBXProject "FlickrPhoto" */ = {
			isa = XCConfigurationList;
			buildConfigurations = (
				F19B8C9F20194AEB001C6949 /* Debug */,
				F19B8CA020194AEB001C6949 /* Release */,
			);
			defaultConfigurationIsVisible = 0;
			defaultConfigurationName = Release;
		};
		F19B8CA120194AEB001C6949 /* Build configuration list for PBXNativeTarget "FlickrPhoto" */ = {
			isa = XCConfigurationList;
			buildConfigurations = (
				F19B8CA220194AEB001C6949 /* Debug */,
				F19B8CA320194AEB001C6949 /* Release */,
			);
			defaultConfigurationIsVisible = 0;
			defaultConfigurationName = Release;
		};
/* End XCConfigurationList section */
	};
	rootObject = F19B8C8720194AEB001C6949 /* Project object */;
}
